{
  "name": "amenov.express.validator",
  "version": "1.0.1",
  "lockfileVersion": 2,
  "requires": true,
  "packages": {
    "": {
      "name": "amenov.express.validator",
      "version": "1.0.1",
      "license": "MIT",
      "dependencies": {
        "amenov.validator": "^2.1.6"
      }
    },
    "node_modules/amenov.validator": {
      "version": "2.1.6",
      "resolved": "https://registry.npmjs.org/amenov.validator/-/amenov.validator-2.1.6.tgz",
      "integrity": "sha512-3FiUN4WNQZZ4q+yDI3/Y9sucfe+b5zhm6CnlvLY3zIG5K8fnBH1f+2C5WVIQ5C4IH4aTL1DzjvHzz6/8qDri9w==",
      "dependencies": {
        "libphonenumber-js": "^1.9.8",
        "moment": "^2.29.1"
      }
    },
    "node_modules/libphonenumber-js": {
      "version": "1.9.20",
      "resolved": "https://registry.npmjs.org/libphonenumber-js/-/libphonenumber-js-1.9.20.tgz",
      "integrity": "sha512-fZw/XGE19SdRtcmAa5mEUjhGuFrVsT6x3V07TLt36psLbJnZiAdI0i/h4JSufKGXFCyreYM7gP98julXfO1XNA=="
    },
    "node_modules/moment": {
      "version": "2.29.1",
      "resolved": "https://registry.npmjs.org/moment/-/moment-2.29.1.tgz",
      "integrity": "sha512-kHmoybcPV8Sqy59DwNDY3Jefr64lK/by/da0ViFcuA4DH0vQg5Q6Ze5VimxkfQNSC+Mls/Kx53s7TjP1RhFEDQ==",
      "engines": {
        "node": "*"
      }
    }
  },
  "dependencies": {
    "amenov.validator": {
      "version": "2.1.6",
      "resolved": "https://registry.npmjs.org/amenov.validator/-/amenov.validator-2.1.6.tgz",
      "integrity": "sha512-3FiUN4WNQZZ4q+yDI3/Y9sucfe+b5zhm6CnlvLY3zIG5K8fnBH1f+2C5WVIQ5C4IH4aTL1DzjvHzz6/8qDri9w==",
      "requires": {
        "libphonenumber-js": "^1.9.8",
        "moment": "^2.29.1"
      }
    },
    "libphonenumber-js": {
      "version": "1.9.20",
      "resolved": "https://registry.npmjs.org/libphonenumber-js/-/libphonenumber-js-1.9.20.tgz",
      "integrity": "sha512-fZw/XGE19SdRtcmAa5mEUjhGuFrVsT6x3V07TLt36psLbJnZiAdI0i/h4JSufKGXFCyreYM7gP98julXfO1XNA=="
    },
    "moment": {
      "version": "2.29.1",
      "resolved": "https://registry.npmjs.org/moment/-/moment-2.29.1.tgz",
      "integrity": "sha512-kHmoybcPV8Sqy59DwNDY3Jefr64lK/by/da0ViFcuA4DH0vQg5Q6Ze5VimxkfQNSC+Mls/Kx53s7TjP1RhFEDQ=="
    }
  }
}
