{
  "name": "amenov.express.validator",
  "version": "1.1.0",
  "lockfileVersion": 1,
  "requires": true,
  "dependencies": {
    "amenov.validator": {
      "version": "2.2.0",
      "resolved": "https://registry.npmjs.org/amenov.validator/-/amenov.validator-2.2.0.tgz",
      "integrity": "sha512-kJui2maPnsgNgQww3hPb9x+5JfJci7Sjz0YnIVBAiKKQuUWhAUu6Zb3MB8vdrURsGvHcgLZu/NzDg36wDod4MA==",
      "requires": {
        "libphonenumber-js": "^1.9.8",
        "moment": "^2.29.1"
      }
    },
    "libphonenumber-js": {
      "version": "1.9.20",
      "resolved": "https://registry.npmjs.org/libphonenumber-js/-/libphonenumber-js-1.9.20.tgz",
      "integrity": "sha512-fZw/XGE19SdRtcmAa5mEUjhGuFrVsT6x3V07TLt36psLbJnZiAdI0i/h4JSufKGXFCyreYM7gP98julXfO1XNA=="
    },
    "moment": {
      "version": "2.29.1",
      "resolved": "https://registry.npmjs.org/moment/-/moment-2.29.1.tgz",
      "integrity": "sha512-kHmoybcPV8Sqy59DwNDY3Jefr64lK/by/da0ViFcuA4DH0vQg5Q6Ze5VimxkfQNSC+Mls/Kx53s7TjP1RhFEDQ=="
    }
  }
}
